
Microsoft Visual Studio Solution File, Format Version 12.00
# Visual Studio Version 17
VisualStudioVersion = 17.10.35027.167
MinimumVisualStudioVersion = 10.0.40219.1
Project("{8BC9CEB8-8B4A-11D0-8D11-00A0C91BC942}") = "pertemuan2", "pertemuan2\pertemuan2.vcxproj", "{372E8EF5-DB6F-4499-8160-914D32CED283}"
EndProject
Global
	GlobalSection(SolutionConfigurationPlatforms) = preSolution
		Debug|x64 = Debug|x64
		Debug|x86 = Debug|x86
		Release|x64 = Release|x64
		Release|x86 = Release|x86
	EndGlobalSection
	GlobalSection(ProjectConfigurationPlatforms) = postSolution
		{372E8EF5-DB6F-4499-8160-914D32CED283}.Debug|x64.ActiveCfg = Debug|x64
		{372E8EF5-DB6F-4499-8160-914D32CED283}.Debug|x64.Build.0 = Debug|x64
		{372E8EF5-DB6F-4499-8160-914D32CED283}.Debug|x86.ActiveCfg = Debug|Win32
		{372E8EF5-DB6F-4499-8160-914D32CED283}.Debug|x86.Build.0 = Debug|Win32
		{372E8EF5-DB6F-4499-8160-914D32CED283}.Release|x64.ActiveCfg = Release|x64
		{372E8EF5-DB6F-4499-8160-914D32CED283}.Release|x64.Build.0 = Release|x64
		{372E8EF5-DB6F-4499-8160-914D32CED283}.Release|x86.ActiveCfg = Release|Win32
		{372E8EF5-DB6F-4499-8160-914D32CED283}.Release|x86.Build.0 = Release|Win32
	EndGlobalSection
	GlobalSection(SolutionProperties) = preSolution
		HideSolutionNode = FALSE
	EndGlobalSection
	GlobalSection(ExtensibilityGlobals) = postSolution
		SolutionGuid = {8AB7D26F-C85E-45A7-9A85-2E1503A07D19}
	EndGlobalSection
EndGlobal
